
Microsoft Visual Studio Solution File, Format Version 12.00
# Visual Studio Version 17
VisualStudioVersion = 17.9.34723.18
MinimumVisualStudioVersion = 10.0.40219.1
Project("{FAE04EC0-301F-11D3-BF4B-00C04F79EFBC}") = "ClassLibrary", "ClassLibrary\ClassLibrary.csproj", "{C1F91194-8FC6-4059-94DE-56470906DCB9}"
EndProject
Project("{FAE04EC0-301F-11D3-BF4B-00C04F79EFBC}") = "MeloniAlbana", "MeloniAlbana\MeloniAlbana.csproj", "{5436EAD4-D169-491E-9CD2-839E75BB452F}"
EndProject
Global
	GlobalSection(SolutionConfigurationPlatforms) = preSolution
		Debug|Any CPU = Debug|Any CPU
		Release|Any CPU = Release|Any CPU
	EndGlobalSection
	GlobalSection(ProjectConfigurationPlatforms) = postSolution
		{C1F91194-8FC6-4059-94DE-56470906DCB9}.Debug|Any CPU.ActiveCfg = Debug|Any CPU
		{C1F91194-8FC6-4059-94DE-56470906DCB9}.Debug|Any CPU.Build.0 = Debug|Any CPU
		{C1F91194-8FC6-4059-94DE-56470906DCB9}.Release|Any CPU.ActiveCfg = Release|Any CPU
		{C1F91194-8FC6-4059-94DE-56470906DCB9}.Release|Any CPU.Build.0 = Release|Any CPU
		{5436EAD4-D169-491E-9CD2-839E75BB452F}.Debug|Any CPU.ActiveCfg = Debug|Any CPU
		{5436EAD4-D169-491E-9CD2-839E75BB452F}.Debug|Any CPU.Build.0 = Debug|Any CPU
		{5436EAD4-D169-491E-9CD2-839E75BB452F}.Release|Any CPU.ActiveCfg = Release|Any CPU
		{5436EAD4-D169-491E-9CD2-839E75BB452F}.Release|Any CPU.Build.0 = Release|Any CPU
	EndGlobalSection
	GlobalSection(SolutionProperties) = preSolution
		HideSolutionNode = FALSE
	EndGlobalSection
	GlobalSection(ExtensibilityGlobals) = postSolution
		SolutionGuid = {751DD515-8C25-410C-80C7-D8A4444558B2}
	EndGlobalSection
EndGlobal
